{
  "name": "mtg-wizard-alexa",
  "version": "0.9.0",
  "lockfileVersion": 1,
  "requires": true,
  "dependencies": {
    "localized-strings": {
      "version": "0.2.3",
      "resolved": "https://registry.npmjs.org/localized-strings/-/localized-strings-0.2.3.tgz",
      "integrity": "sha512-uWO3E2jDynMBsJIglBMhALO3f1DnfOFzCSoCt+fPLGx94PXU1KfbgBx04J4xfjPwozRowAHk8bfaw8bgeKTTCQ=="
    }
  }
}
